{
  "object": {
    "pins": [
      {
        "package": "BootstrapKit",
        "repositoryURL": "https://github.com/MatsMoll/BootstrapKit.git",
        "state": {
          "branch": null,
          "revision": "14276dd4203bd214b3f58ea748994e4e2e519ddf",
          "version": "1.0.0"
        }
      },
      {
        "package": "HTMLKit",
        "repositoryURL": "https://github.com/vapor-community/HTMLKit",
        "state": {
          "branch": null,
          "revision": "c2eccd1a3275b2d479e66bb00734da217d4f618e",
          "version": "2.0.0"
        }
      },
      {
        "package": "KognitaModels",
        "repositoryURL": "https://Kognita:dyjdov-bupgev-goffY8@github.com/MatsMoll/KognitaModels",
        "state": {
          "branch": null,
          "revision": "7ecf492e1193cbfe24291e79c8fb4119957a1d6a",
          "version": "1.0.1"
        }
      },
      {
        "package": "Lingo",
        "repositoryURL": "https://github.com/miroslavkovac/Lingo.git",
        "state": {
          "branch": null,
          "revision": "f21f388b04239641b3e88d14f21762125faa9857",
          "version": "3.0.5"
        }
      }
    ]
  },
  "version": 1
}
