{
  "object": {
    "pins": [
      {
        "package": "BootstrapKit",
        "repositoryURL": "https://github.com/MatsMoll/BootstrapKit.git",
        "state": {
          "branch": null,
          "revision": "fd21094f4e80996d6b30227f89aa50104a68a0b9",
          "version": "1.0.0-beta.5.3"
        }
      },
      {
        "package": "HTMLKit",
        "repositoryURL": "https://github.com/vapor-community/HTMLKit",
        "state": {
          "branch": null,
          "revision": "c20beeedf4e7d62141baa74d615a039d07dd2e9c",
          "version": "2.0.0-beta.3.4"
        }
      },
      {
        "package": "KognitaModels",
        "repositoryURL": "https://Kognita:dyjdov-bupgev-goffY8@github.com/MatsMoll/KognitaModels",
        "state": {
          "branch": null,
          "revision": "7ecf492e1193cbfe24291e79c8fb4119957a1d6a",
          "version": "1.0.1"
        }
      },
      {
        "package": "Lingo",
        "repositoryURL": "https://github.com/miroslavkovac/Lingo.git",
        "state": {
          "branch": null,
          "revision": "f21f388b04239641b3e88d14f21762125faa9857",
          "version": "3.0.5"
        }
      }
    ]
  },
  "version": 1
}
